
Microsoft Visual Studio Solution File, Format Version 12.00
# Visual Studio 15
VisualStudioVersion = 15.0.28010.2048
MinimumVisualStudioVersion = 10.0.40219.1
Project("{FAE04EC0-301F-11D3-BF4B-00C04F79EFBC}") = "SearchFight.ConsoleClient", "SearchFight.ConsoleClient\SearchFight.ConsoleClient.csproj", "{2008B015-13F0-4520-A544-CDF350EEC06B}"
EndProject
Project("{FAE04EC0-301F-11D3-BF4B-00C04F79EFBC}") = "SearchFight.EngineProxy", "SearchFight.ProviderProxy\SearchFight.EngineProxy.csproj", "{4075B869-1F74-46E1-84CD-B7F030BF5F92}"
EndProject
Global
	GlobalSection(SolutionConfigurationPlatforms) = preSolution
		Debug|Any CPU = Debug|Any CPU
		Release|Any CPU = Release|Any CPU
	EndGlobalSection
	GlobalSection(ProjectConfigurationPlatforms) = postSolution
		{2008B015-13F0-4520-A544-CDF350EEC06B}.Debug|Any CPU.ActiveCfg = Debug|Any CPU
		{2008B015-13F0-4520-A544-CDF350EEC06B}.Debug|Any CPU.Build.0 = Debug|Any CPU
		{2008B015-13F0-4520-A544-CDF350EEC06B}.Release|Any CPU.ActiveCfg = Release|Any CPU
		{2008B015-13F0-4520-A544-CDF350EEC06B}.Release|Any CPU.Build.0 = Release|Any CPU
		{4075B869-1F74-46E1-84CD-B7F030BF5F92}.Debug|Any CPU.ActiveCfg = Debug|Any CPU
		{4075B869-1F74-46E1-84CD-B7F030BF5F92}.Debug|Any CPU.Build.0 = Debug|Any CPU
		{4075B869-1F74-46E1-84CD-B7F030BF5F92}.Release|Any CPU.ActiveCfg = Release|Any CPU
		{4075B869-1F74-46E1-84CD-B7F030BF5F92}.Release|Any CPU.Build.0 = Release|Any CPU
	EndGlobalSection
	GlobalSection(SolutionProperties) = preSolution
		HideSolutionNode = FALSE
	EndGlobalSection
	GlobalSection(ExtensibilityGlobals) = postSolution
		SolutionGuid = {30C85729-EA78-45DA-B366-06AEC9B148A5}
	EndGlobalSection
EndGlobal
